github.com/bitrise-io/go-steputils v0.0.0-20190806143347-f540824d77df h1:UaDw6nAsI2jlGjNqhdMUbk0xhJJ+iQZ1buEXHRKrtU8=
github.com/bitrise-io/go-steputils v0.0.0-20190806143347-f540824d77df/go.mod h1:GXgBV3Frd3qcnsg+NryQTyx1CHjZHr/2w7Bx4WAcB4o=
github.com/bitrise-io/go-utils v0.0.0-20190814105345-ad86bf775472 h1:jM4pIBkBUOucinQ2IdlfbpIZxJqgS/k1TZZrENFej8A=
github.com/bitrise-io/go-utils v0.0.0-20190814105345-ad86bf775472/go.mod h1:Pp48eQd8BSNEzWWTBxdFUd/ufS5b5Bgkmt9D5NedjWg=
github.com/bitrise-steplib/bitrise-step-android-unit-test v0.0.0-20190830131210-9d5c1d4e8630 h1:cT8ax87pLOCCE+OaEhT2VXQiMFc1V44xfjENA/jF6r0=
github.com/bitrise-steplib/bitrise-step-android-unit-test v0.0.0-20190830131210-9d5c1d4e8630/go.mod h1:0yqqJw+MqwsfHKq4pL90IoSYskLF91oDCyyZYnIehWA=
github.com/bitrise-steplib/bitrise-step-android-unit-test v0.0.0-20190902203028-ff8e682d8645 h1:9molXzIAxnKStwV78lt7MSgUQwxIWl4+r9/oYTQA7no=
github.com/bitrise-steplib/bitrise-step-android-unit-test v0.0.0-20190902203028-ff8e682d8645/go.mod h1:0yqqJw+MqwsfHKq4pL90IoSYskLF91oDCyyZYnIehWA=
github.com/bitrise-steplib/steps-deploy-to-itunesconnect-deliver v0.0.0-20190815132021-09bfb54640c4 h1:rzEqvBYa+WJ44mAsiD4DAW4zX6vLjdwAg3nvJSqkJc4=
github.com/bitrise-steplib/steps-deploy-to-itunesconnect-deliver v0.0.0-20190815132021-09bfb54640c4/go.mod h1:mm5WIhfyTnf89pNO+4ylSsUAbEh8JGSpV3F7V0XWB4U=
github.com/davecgh/go-spew v1.1.0 h1:ZDRjVQ15GmhC3fiQ8ni8+OwkZQO4DARzQgrnXU1Liz8=
github.com/davecgh/go-spew v1.1.0/go.mod h1:J7Y8YcW2NihsgmVo/mv3lAwl/skON4iLHjSsI+c5H38=
github.com/kballard/go-shellquote v0.0.0-20180428030007-95032a82bc51 h1:Z9n2FFNUXsshfwJMBgNA0RU6/i7WVaAegv3PtuIHPMs=
github.com/kballard/go-shellquote v0.0.0-20180428030007-95032a82bc51/go.mod h1:CzGEWj7cYgsdH8dAjBGEr58BoE7ScuLd+fwFZ44+/x8=
github.com/pmezard/go-difflib v1.0.0 h1:4DBwDE0NGyQoBHbLQYPwSUPoCMWR5BEzIk/f1lZbAQM=
github.com/pmezard/go-difflib v1.0.0/go.mod h1:iKH77koFhYxTK1pcRnkKkqfTogsbg7gZNVY4sRDYZ/4=
github.com/stretchr/objx v0.1.0/go.mod h1:HFkY916IF+rwdDfMAkV7OtwuqBVzrE8GR6GFx+wExME=
github.com/stretchr/testify v1.4.0 h1:2E4SXV/wtOkTonXsotYi4li6zVWxYlZuYNCXe9XRJyk=
github.com/stretchr/testify v1.4.0/go.mod h1:j7eGeouHqKxXV5pUuKE4zz7dFj8WfuZ+81PSLYec5m4=
gopkg.in/check.v1 v0.0.0-20161208181325-20d25e280405/go.mod h1:Co6ibVJAznAaIkqp8huTwlJQCZ016jof/cbN4VW5Yz0=
gopkg.in/yaml.v2 v2.2.2 h1:ZCJp+EgiOT7lHqUV2J862kp8Qj64Jo6az82+3Td9dZw=
gopkg.in/yaml.v2 v2.2.2/go.mod h1:hI93XBmqTisBFMUTm0b8Fm+jr3Dg1NNxqwp+5A1VGuI=
