# This file is autogenerated, do not edit; changes may be undone by the next 'dep ensure'.


[[projects]]
  branch = "master"
  digest = "1:e875a94349b121ca6fa86bd72f7593f7f0e6f0d07a7d664f31fc000d80eaeec3"
  name = "github.com/bitrise-io/go-steputils"
  packages = [
    "stepconf",
    "tools",
  ]
  pruneopts = "UT"
  revision = "cecc766da84859e37e780d9d1c416f0f3993e6b1"

[[projects]]
  branch = "TOOL-494-bundler-commands"
  digest = "1:0b92becc4bff2994a2e214ec734a8e3a5d8029b66c8c517742b546918c2280ae"
  name = "github.com/bitrise-io/go-utils"
  packages = [
    "colorstring",
    "command",
    "command/gems",
    "command/rubycommand",
    "errorutil",
    "fileutil",
    "log",
    "parseutil",
    "pathutil",
    "pointers",
  ]
  pruneopts = "UT"
  revision = "730e06302df9974441a002a78638a5f51c6ad16d"

[[projects]]
  branch = "master"
  digest = "1:a3b919ac82ab21667747cd674a4090889bb1a0c4570e093eb6d0c61f7a01064f"
  name = "github.com/bitrise-steplib/steps-deploy-to-itunesconnect-deliver"
  packages = ["devportalservice"]
  pruneopts = "UT"
  revision = "b975f2436eb701dfc2328aa9ae3f96c658c0206d"

[[projects]]
  branch = "master"
  digest = "1:400e113a367b511b9b09ca642ee11d9885485a93838526d697033af334a2fdde"
  name = "github.com/kballard/go-shellquote"
  packages = ["."]
  pruneopts = "UT"
  revision = "95032a82bc518f77982ea72343cc1ade730072f0"

[solve-meta]
  analyzer-name = "dep"
  analyzer-version = 1
  input-imports = [
    "github.com/bitrise-io/go-steputils/stepconf",
    "github.com/bitrise-io/go-steputils/tools",
    "github.com/bitrise-io/go-utils/command",
    "github.com/bitrise-io/go-utils/command/gems",
    "github.com/bitrise-io/go-utils/command/rubycommand",
    "github.com/bitrise-io/go-utils/fileutil",
    "github.com/bitrise-io/go-utils/log",
    "github.com/bitrise-io/go-utils/pathutil",
    "github.com/bitrise-steplib/steps-deploy-to-itunesconnect-deliver/devportalservice",
    "github.com/kballard/go-shellquote",
  ]
  solver-name = "gps-cdcl"
  solver-version = 1
