# This file is autogenerated, do not edit; changes may be undone by the next 'dep ensure'.


[[projects]]
  branch = "master"
  digest = "1:e875a94349b121ca6fa86bd72f7593f7f0e6f0d07a7d664f31fc000d80eaeec3"
  name = "github.com/bitrise-io/go-steputils"
  packages = [
    "stepconf",
    "tools",
  ]
  pruneopts = "UT"
  revision = "7c9aaee1af9593773b253b04dbcefbb1f527f184"

[[projects]]
  branch = "master"
  digest = "1:7f701bf493a03c4fb4c9f22c49048b2bef8484358846d125870f6891baf3e11d"
  name = "github.com/bitrise-io/go-utils"
  packages = [
    "colorstring",
    "command",
    "command/gems",
    "command/rubycommand",
    "errorutil",
    "fileutil",
    "log",
    "parseutil",
    "pathutil",
    "pointers",
  ]
  pruneopts = "UT"
  revision = "1f401bb88c99a08ea8fb9f61ce521f2cee9c5a41"

[[projects]]
  branch = "master"
  digest = "1:da5c206c1b34c33526afceca7317b2c1bae941dc12875145ae31199b95440670"
  name = "github.com/bitrise-steplib/steps-deploy-to-itunesconnect-deliver"
  packages = ["devportalservice"]
  pruneopts = "UT"
  revision = "e7c7ebce9e4cb4249a23d19cb18c5b81d839e9ec"

[[projects]]
  branch = "master"
  digest = "1:400e113a367b511b9b09ca642ee11d9885485a93838526d697033af334a2fdde"
  name = "github.com/kballard/go-shellquote"
  packages = ["."]
  pruneopts = "UT"
  revision = "95032a82bc518f77982ea72343cc1ade730072f0"

[solve-meta]
  analyzer-name = "dep"
  analyzer-version = 1
  input-imports = [
    "github.com/bitrise-io/go-steputils/stepconf",
    "github.com/bitrise-io/go-steputils/tools",
    "github.com/bitrise-io/go-utils/command",
    "github.com/bitrise-io/go-utils/command/gems",
    "github.com/bitrise-io/go-utils/command/rubycommand",
    "github.com/bitrise-io/go-utils/fileutil",
    "github.com/bitrise-io/go-utils/log",
    "github.com/bitrise-io/go-utils/pathutil",
    "github.com/bitrise-steplib/steps-deploy-to-itunesconnect-deliver/devportalservice",
    "github.com/kballard/go-shellquote",
  ]
  solver-name = "gps-cdcl"
  solver-version = 1
